# THIS IS AN AUTOGENERATED FILE. DO NOT EDIT THIS FILE DIRECTLY.
# yarn lockfile v1


"@develon/js@^1.0.2":
  version "1.0.2"
  resolved "https://registry.npm.taobao.org/@develon/js/download/@develon/js-1.0.2.tgz#82ac6014e414c4794aac7abcc42d86be8455bac2"
  integrity sha1-gqxgFOQUxHlKrHq8xC2GvoRVusI=
